
Microsoft Visual Studio Solution File, Format Version 12.00
# Visual Studio Version 16
VisualStudioVersion = 16.0.28803.352
MinimumVisualStudioVersion = 10.0.40219.1
Project("{FAE04EC0-301F-11D3-BF4B-00C04F79EFBC}") = "SynthShop", "SynthShop\SynthShop.csproj", "{E7B0F93F-93C8-460A-86CC-E2F6E12E8CDF}"
EndProject
Project("{FAE04EC0-301F-11D3-BF4B-00C04F79EFBC}") = "SynthShopData", "SynthShopData\SynthShopData.csproj", "{30D01BC7-7DC0-4020-B5B4-D7B0DF1EC818}"
EndProject
Global
	GlobalSection(SolutionConfigurationPlatforms) = preSolution
		Debug|Any CPU = Debug|Any CPU
		Release|Any CPU = Release|Any CPU
	EndGlobalSection
	GlobalSection(ProjectConfigurationPlatforms) = postSolution
		{E7B0F93F-93C8-460A-86CC-E2F6E12E8CDF}.Debug|Any CPU.ActiveCfg = Debug|Any CPU
		{E7B0F93F-93C8-460A-86CC-E2F6E12E8CDF}.Debug|Any CPU.Build.0 = Debug|Any CPU
		{E7B0F93F-93C8-460A-86CC-E2F6E12E8CDF}.Release|Any CPU.ActiveCfg = Release|Any CPU
		{E7B0F93F-93C8-460A-86CC-E2F6E12E8CDF}.Release|Any CPU.Build.0 = Release|Any CPU
		{30D01BC7-7DC0-4020-B5B4-D7B0DF1EC818}.Debug|Any CPU.ActiveCfg = Debug|Any CPU
		{30D01BC7-7DC0-4020-B5B4-D7B0DF1EC818}.Debug|Any CPU.Build.0 = Debug|Any CPU
		{30D01BC7-7DC0-4020-B5B4-D7B0DF1EC818}.Release|Any CPU.ActiveCfg = Release|Any CPU
		{30D01BC7-7DC0-4020-B5B4-D7B0DF1EC818}.Release|Any CPU.Build.0 = Release|Any CPU
	EndGlobalSection
	GlobalSection(SolutionProperties) = preSolution
		HideSolutionNode = FALSE
	EndGlobalSection
	GlobalSection(ExtensibilityGlobals) = postSolution
		SolutionGuid = {11C5BB8C-8979-4FFD-B4BF-676E03857308}
	EndGlobalSection
EndGlobal
